
Microsoft Visual Studio Solution File, Format Version 12.00
# Visual Studio 2013
VisualStudioVersion = 12.0.21005.1
MinimumVisualStudioVersion = 10.0.40219.1
Project("{FAE04EC0-301F-11D3-BF4B-00C04F79EFBC}") = "tongqinche", "tongqinche\tongqinche.csproj", "{B78FCDFB-BE5E-4A5A-A8EB-74482D74BC4A}"
EndProject
Project("{FAE04EC0-301F-11D3-BF4B-00C04F79EFBC}") = "DataMapper", "DataMapper\DataMapper.csproj", "{87C39A1A-3815-42F5-8AC7-3F991377218F}"
EndProject
Project("{FAE04EC0-301F-11D3-BF4B-00C04F79EFBC}") = "Common", "Common\Common.csproj", "{05E52BC2-73FB-43A5-AC90-082BE1F1EF69}"
EndProject
Global
	GlobalSection(SolutionConfigurationPlatforms) = preSolution
		Debug|Any CPU = Debug|Any CPU
		Release|Any CPU = Release|Any CPU
	EndGlobalSection
	GlobalSection(ProjectConfigurationPlatforms) = postSolution
		{B78FCDFB-BE5E-4A5A-A8EB-74482D74BC4A}.Debug|Any CPU.ActiveCfg = Debug|Any CPU
		{B78FCDFB-BE5E-4A5A-A8EB-74482D74BC4A}.Debug|Any CPU.Build.0 = Debug|Any CPU
		{B78FCDFB-BE5E-4A5A-A8EB-74482D74BC4A}.Release|Any CPU.ActiveCfg = Release|Any CPU
		{B78FCDFB-BE5E-4A5A-A8EB-74482D74BC4A}.Release|Any CPU.Build.0 = Release|Any CPU
		{87C39A1A-3815-42F5-8AC7-3F991377218F}.Debug|Any CPU.ActiveCfg = Debug|Any CPU
		{87C39A1A-3815-42F5-8AC7-3F991377218F}.Debug|Any CPU.Build.0 = Debug|Any CPU
		{87C39A1A-3815-42F5-8AC7-3F991377218F}.Release|Any CPU.ActiveCfg = Release|Any CPU
		{87C39A1A-3815-42F5-8AC7-3F991377218F}.Release|Any CPU.Build.0 = Release|Any CPU
		{05E52BC2-73FB-43A5-AC90-082BE1F1EF69}.Debug|Any CPU.ActiveCfg = Debug|Any CPU
		{05E52BC2-73FB-43A5-AC90-082BE1F1EF69}.Debug|Any CPU.Build.0 = Debug|Any CPU
		{05E52BC2-73FB-43A5-AC90-082BE1F1EF69}.Release|Any CPU.ActiveCfg = Release|Any CPU
		{05E52BC2-73FB-43A5-AC90-082BE1F1EF69}.Release|Any CPU.Build.0 = Release|Any CPU
	EndGlobalSection
	GlobalSection(SolutionProperties) = preSolution
		HideSolutionNode = FALSE
	EndGlobalSection
EndGlobal
